
Microsoft Visual Studio Solution File, Format Version 12.00
Project("{FAE04EC0-301F-11D3-BF4B-00C04F79EFBC}") = "LabTwo", "LabTwo\LabTwo.csproj", "{1C51ED26-3E1D-4A08-808F-06E69E9D2B38}"
EndProject
Global
	GlobalSection(SolutionConfigurationPlatforms) = preSolution
		Debug|Any CPU = Debug|Any CPU
		Release|Any CPU = Release|Any CPU
	EndGlobalSection
	GlobalSection(ProjectConfigurationPlatforms) = postSolution
		{1C51ED26-3E1D-4A08-808F-06E69E9D2B38}.Debug|Any CPU.ActiveCfg = Debug|Any CPU
		{1C51ED26-3E1D-4A08-808F-06E69E9D2B38}.Debug|Any CPU.Build.0 = Debug|Any CPU
		{1C51ED26-3E1D-4A08-808F-06E69E9D2B38}.Release|Any CPU.ActiveCfg = Release|Any CPU
		{1C51ED26-3E1D-4A08-808F-06E69E9D2B38}.Release|Any CPU.Build.0 = Release|Any CPU
	EndGlobalSection
EndGlobal
