
Microsoft Visual Studio Solution File, Format Version 12.00
Project("{FAE04EC0-301F-11D3-BF4B-00C04F79EFBC}") = "Lab2", "Lab2.csproj", "{8B2620DF-F9EE-48F0-BE61-9DEB3017C96B}"
EndProject
Global
	GlobalSection(SolutionConfigurationPlatforms) = preSolution
		Debug|Any CPU = Debug|Any CPU
		Release|Any CPU = Release|Any CPU
	EndGlobalSection
	GlobalSection(ProjectConfigurationPlatforms) = postSolution
		{8B2620DF-F9EE-48F0-BE61-9DEB3017C96B}.Debug|Any CPU.ActiveCfg = Debug|Any CPU
		{8B2620DF-F9EE-48F0-BE61-9DEB3017C96B}.Debug|Any CPU.Build.0 = Debug|Any CPU
		{8B2620DF-F9EE-48F0-BE61-9DEB3017C96B}.Release|Any CPU.ActiveCfg = Release|Any CPU
		{8B2620DF-F9EE-48F0-BE61-9DEB3017C96B}.Release|Any CPU.Build.0 = Release|Any CPU
	EndGlobalSection
EndGlobal
